
Microsoft Visual Studio Solution File, Format Version 12.00
# Visual Studio 2013
VisualStudioVersion = 12.0.21005.1
MinimumVisualStudioVersion = 10.0.40219.1
Project("{FAE04EC0-301F-11D3-BF4B-00C04F79EFBC}") = "ERP", "ERP\ERP.csproj", "{EC0DD98F-369A-4C14-8C8D-E7173E918E92}"
	ProjectSection(ProjectDependencies) = postProject
		{96EBD950-6D76-4A53-8E65-69202B4BDE4A} = {96EBD950-6D76-4A53-8E65-69202B4BDE4A}
		{4FACA852-5528-4C01-8FFB-C700A8326CD3} = {4FACA852-5528-4C01-8FFB-C700A8326CD3}
		{362F61B1-2C93-4DA3-BC48-B9D03AABF202} = {362F61B1-2C93-4DA3-BC48-B9D03AABF202}
		{52A643CD-AF73-4F55-9555-A348B027B65C} = {52A643CD-AF73-4F55-9555-A348B027B65C}
	EndProjectSection
EndProject
Project("{FAE04EC0-301F-11D3-BF4B-00C04F79EFBC}") = "ERP.Application", "ERP.Application\ERP.Application.csproj", "{362F61B1-2C93-4DA3-BC48-B9D03AABF202}"
	ProjectSection(ProjectDependencies) = postProject
		{96EBD950-6D76-4A53-8E65-69202B4BDE4A} = {96EBD950-6D76-4A53-8E65-69202B4BDE4A}
		{4FACA852-5528-4C01-8FFB-C700A8326CD3} = {4FACA852-5528-4C01-8FFB-C700A8326CD3}
		{52A643CD-AF73-4F55-9555-A348B027B65C} = {52A643CD-AF73-4F55-9555-A348B027B65C}
	EndProjectSection
EndProject
Project("{FAE04EC0-301F-11D3-BF4B-00C04F79EFBC}") = "ERP.Domain", "ERP.Domain\ERP.Domain.csproj", "{4FACA852-5528-4C01-8FFB-C700A8326CD3}"
	ProjectSection(ProjectDependencies) = postProject
		{52A643CD-AF73-4F55-9555-A348B027B65C} = {52A643CD-AF73-4F55-9555-A348B027B65C}
	EndProjectSection
EndProject
Project("{FAE04EC0-301F-11D3-BF4B-00C04F79EFBC}") = "ERP.Infrastructure", "ERP.Infrastructure\ERP.Infrastructure.csproj", "{52A643CD-AF73-4F55-9555-A348B027B65C}"
EndProject
Project("{FAE04EC0-301F-11D3-BF4B-00C04F79EFBC}") = "ERP.Repository", "ERP.Repository\ERP.Repository.csproj", "{96EBD950-6D76-4A53-8E65-69202B4BDE4A}"
EndProject
Global
	GlobalSection(SolutionConfigurationPlatforms) = preSolution
		Debug|Any CPU = Debug|Any CPU
		Debug|ARM = Debug|ARM
		Debug|x64 = Debug|x64
		Debug|x86 = Debug|x86
		Release|Any CPU = Release|Any CPU
		Release|ARM = Release|ARM
		Release|x64 = Release|x64
		Release|x86 = Release|x86
	EndGlobalSection
	GlobalSection(ProjectConfigurationPlatforms) = postSolution
		{EC0DD98F-369A-4C14-8C8D-E7173E918E92}.Debug|Any CPU.ActiveCfg = Debug|Any CPU
		{EC0DD98F-369A-4C14-8C8D-E7173E918E92}.Debug|Any CPU.Build.0 = Debug|Any CPU
		{EC0DD98F-369A-4C14-8C8D-E7173E918E92}.Debug|ARM.ActiveCfg = Debug|Any CPU
		{EC0DD98F-369A-4C14-8C8D-E7173E918E92}.Debug|x64.ActiveCfg = Debug|Any CPU
		{EC0DD98F-369A-4C14-8C8D-E7173E918E92}.Debug|x86.ActiveCfg = Debug|Any CPU
		{EC0DD98F-369A-4C14-8C8D-E7173E918E92}.Release|Any CPU.ActiveCfg = Release|Any CPU
		{EC0DD98F-369A-4C14-8C8D-E7173E918E92}.Release|Any CPU.Build.0 = Release|Any CPU
		{EC0DD98F-369A-4C14-8C8D-E7173E918E92}.Release|ARM.ActiveCfg = Release|Any CPU
		{EC0DD98F-369A-4C14-8C8D-E7173E918E92}.Release|x64.ActiveCfg = Release|Any CPU
		{EC0DD98F-369A-4C14-8C8D-E7173E918E92}.Release|x86.ActiveCfg = Release|Any CPU
		{362F61B1-2C93-4DA3-BC48-B9D03AABF202}.Debug|Any CPU.ActiveCfg = Debug|Any CPU
		{362F61B1-2C93-4DA3-BC48-B9D03AABF202}.Debug|Any CPU.Build.0 = Debug|Any CPU
		{362F61B1-2C93-4DA3-BC48-B9D03AABF202}.Debug|ARM.ActiveCfg = Debug|Any CPU
		{362F61B1-2C93-4DA3-BC48-B9D03AABF202}.Debug|x64.ActiveCfg = Debug|Any CPU
		{362F61B1-2C93-4DA3-BC48-B9D03AABF202}.Debug|x86.ActiveCfg = Debug|Any CPU
		{362F61B1-2C93-4DA3-BC48-B9D03AABF202}.Release|Any CPU.ActiveCfg = Release|Any CPU
		{362F61B1-2C93-4DA3-BC48-B9D03AABF202}.Release|Any CPU.Build.0 = Release|Any CPU
		{362F61B1-2C93-4DA3-BC48-B9D03AABF202}.Release|ARM.ActiveCfg = Release|Any CPU
		{362F61B1-2C93-4DA3-BC48-B9D03AABF202}.Release|x64.ActiveCfg = Release|Any CPU
		{362F61B1-2C93-4DA3-BC48-B9D03AABF202}.Release|x86.ActiveCfg = Release|Any CPU
		{4FACA852-5528-4C01-8FFB-C700A8326CD3}.Debug|Any CPU.ActiveCfg = Debug|Any CPU
		{4FACA852-5528-4C01-8FFB-C700A8326CD3}.Debug|Any CPU.Build.0 = Debug|Any CPU
		{4FACA852-5528-4C01-8FFB-C700A8326CD3}.Debug|ARM.ActiveCfg = Debug|Any CPU
		{4FACA852-5528-4C01-8FFB-C700A8326CD3}.Debug|x64.ActiveCfg = Debug|Any CPU
		{4FACA852-5528-4C01-8FFB-C700A8326CD3}.Debug|x86.ActiveCfg = Debug|Any CPU
		{4FACA852-5528-4C01-8FFB-C700A8326CD3}.Release|Any CPU.ActiveCfg = Release|Any CPU
		{4FACA852-5528-4C01-8FFB-C700A8326CD3}.Release|Any CPU.Build.0 = Release|Any CPU
		{4FACA852-5528-4C01-8FFB-C700A8326CD3}.Release|ARM.ActiveCfg = Release|Any CPU
		{4FACA852-5528-4C01-8FFB-C700A8326CD3}.Release|x64.ActiveCfg = Release|Any CPU
		{4FACA852-5528-4C01-8FFB-C700A8326CD3}.Release|x86.ActiveCfg = Release|Any CPU
		{52A643CD-AF73-4F55-9555-A348B027B65C}.Debug|Any CPU.ActiveCfg = Debug|Any CPU
		{52A643CD-AF73-4F55-9555-A348B027B65C}.Debug|Any CPU.Build.0 = Debug|Any CPU
		{52A643CD-AF73-4F55-9555-A348B027B65C}.Debug|ARM.ActiveCfg = Debug|Any CPU
		{52A643CD-AF73-4F55-9555-A348B027B65C}.Debug|x64.ActiveCfg = Debug|Any CPU
		{52A643CD-AF73-4F55-9555-A348B027B65C}.Debug|x86.ActiveCfg = Debug|Any CPU
		{52A643CD-AF73-4F55-9555-A348B027B65C}.Release|Any CPU.ActiveCfg = Release|Any CPU
		{52A643CD-AF73-4F55-9555-A348B027B65C}.Release|Any CPU.Build.0 = Release|Any CPU
		{52A643CD-AF73-4F55-9555-A348B027B65C}.Release|ARM.ActiveCfg = Release|Any CPU
		{52A643CD-AF73-4F55-9555-A348B027B65C}.Release|x64.ActiveCfg = Release|Any CPU
		{52A643CD-AF73-4F55-9555-A348B027B65C}.Release|x86.ActiveCfg = Release|Any CPU
		{96EBD950-6D76-4A53-8E65-69202B4BDE4A}.Debug|Any CPU.ActiveCfg = Debug|Any CPU
		{96EBD950-6D76-4A53-8E65-69202B4BDE4A}.Debug|Any CPU.Build.0 = Debug|Any CPU
		{96EBD950-6D76-4A53-8E65-69202B4BDE4A}.Debug|ARM.ActiveCfg = Debug|Any CPU
		{96EBD950-6D76-4A53-8E65-69202B4BDE4A}.Debug|x64.ActiveCfg = Debug|Any CPU
		{96EBD950-6D76-4A53-8E65-69202B4BDE4A}.Debug|x86.ActiveCfg = Debug|Any CPU
		{96EBD950-6D76-4A53-8E65-69202B4BDE4A}.Release|Any CPU.ActiveCfg = Release|Any CPU
		{96EBD950-6D76-4A53-8E65-69202B4BDE4A}.Release|Any CPU.Build.0 = Release|Any CPU
		{96EBD950-6D76-4A53-8E65-69202B4BDE4A}.Release|ARM.ActiveCfg = Release|Any CPU
		{96EBD950-6D76-4A53-8E65-69202B4BDE4A}.Release|x64.ActiveCfg = Release|Any CPU
		{96EBD950-6D76-4A53-8E65-69202B4BDE4A}.Release|x86.ActiveCfg = Release|Any CPU
	EndGlobalSection
	GlobalSection(SolutionProperties) = preSolution
		HideSolutionNode = FALSE
	EndGlobalSection
EndGlobal
